github.com/google/uuid v1.1.1 h1:Gkbcsh/GbpXz7lPftLA3P6TYMwjCLYm83jiFQZF/3gY=
github.com/google/uuid v1.1.1/go.mod h1:TIyPZe4MgqvfeYDBFedMoGGpEw/LqOeaOT+nhxU+yHo=
github.com/gorilla/mux v1.7.1 h1:Dw4jY2nghMMRsh1ol8dv1axHkDwMQK2DHerMNJsIpJU=
github.com/gorilla/mux v1.7.1/go.mod h1:1lud6UwP+6orDFRuTfBEV8e9/aOM/c4fVVCaMa2zaAs=
github.com/ry/v8worker2 v0.0.0-20190118154056-6857a7739bc2 h1:nvqxIeI0eVhPV4d3UubaTiadSnAha1DaqMOBN0E3kqg=
github.com/ry/v8worker2 v0.0.0-20190118154056-6857a7739bc2/go.mod h1:BdjqPPLlLw26j9NdhD0cQVJL7JvzCk6iWLsdy8NzbpQ=
